{
  "name": "vuepress-plugin-disqus",
  "version": "0.2.0",
  "lockfileVersion": 1,
  "requires": true,
  "dependencies": {
    "vue-disqus": {
      "version": "3.0.5",
      "resolved": "https://registry.npmjs.org/vue-disqus/-/vue-disqus-3.0.5.tgz",
      "integrity": "sha512-T3Y68lXf5W2lYt6j4Y3kZ4opLPH0EAzqriy11MS4D4Q2+UN0tFuUXeYP1MxfvdyaCEboXSM6CUswxsULuNV70Q=="
    }
  }
}
